# This file is @generated by PDM.
# It is not intended for manual editing.

[metadata]
groups = ["default"]
strategy = []
lock_version = "4.5.0"
content_hash = "sha256:b27a3ac6c93737a3f50c279775b0e1b8704a5db92f05f951610cab749880f77c"

[[metadata.targets]]
requires_python = "==3.12.*"

[[package]]
name = "annotated-doc"
version = "0.0.3"
summary = ""
files = [
    {file = "annotated_doc-0.0.3-py3-none-any.whl", hash = "sha256:348ec6664a76f1fd3be81f43dffbee4c7e8ce931ba71ec67cc7f4ade7fbbb580"},
    {file = "annotated_doc-0.0.3.tar.gz", hash = "sha256:e18370014c70187422c33e945053ff4c286f453a984eba84d0dbfa0c935adeda"},
]

[[package]]
name = "annotated-types"
version = "0.7.0"
summary = ""
files = [
    {file = "annotated_types-0.7.0-py3-none-any.whl", hash = "sha256:1f02e8b43a8fbbc3f3e0d4f0f4bfc8131bcb4eebe8849b8e5c773f3a1c582a53"},
    {file = "annotated_types-0.7.0.tar.gz", hash = "sha256:aff07c09a53a08bc8cfccb9c85b05f1aa9a2a6f23728d790723543408344ce89"},
]

[[package]]
name = "anyio"
version = "4.11.0"
summary = ""
dependencies = [
    "idna",
    "sniffio",
    "typing-extensions",
]
files = [
    {file = "anyio-4.11.0-py3-none-any.whl", hash = "sha256:0287e96f4d26d4149305414d4e3bc32f0dcd0862365a4bddea19d7a1ec38c4fc"},
    {file = "anyio-4.11.0.tar.gz", hash = "sha256:82a8d0b81e318cc5ce71a5f1f8b5c4e63619620b63141ef8c995fa0db95a57c4"},
]

[[package]]
name = "beanie"
version = "2.0.0"
summary = ""
dependencies = [
    "click",
    "lazy-model",
    "pydantic",
    "pymongo",
    "typing-extensions",
]
files = [
    {file = "beanie-2.0.0-py3-none-any.whl", hash = "sha256:0d5c0e0de09f2a316c74d17bbba1ceb68ebcbfd3046ae5be69038b2023682372"},
    {file = "beanie-2.0.0.tar.gz", hash = "sha256:07982e42618cea01722f62d2b4028514a508a2c2c2c71ff85f07f6009112ffb3"},
]

[[package]]
name = "click"
version = "8.3.0"
summary = ""
dependencies = [
    "colorama; sys_platform == \"win32\"",
]
files = [
    {file = "click-8.3.0-py3-none-any.whl", hash = "sha256:9b9f285302c6e3064f4330c05f05b81945b2a39544279343e6e7c5f27a9baddc"},
    {file = "click-8.3.0.tar.gz", hash = "sha256:e7b8232224eba16f4ebe410c25ced9f7875cb5f3263ffc93cc3e8da705e229c4"},
]

[[package]]
name = "colorama"
version = "0.4.6"
summary = ""
files = [
    {file = "colorama-0.4.6-py2.py3-none-any.whl", hash = "sha256:4f1d9991f5acc0ca119f9d443620b77f9d6b33703e51011c16baf57afb285fc6"},
    {file = "colorama-0.4.6.tar.gz", hash = "sha256:08695f5cb7ed6e0531a20572697297273c47b8cae5a63ffc6d6ed5c201be6e44"},
]

[[package]]
name = "dnspython"
version = "2.8.0"
summary = ""
files = [
    {file = "dnspython-2.8.0-py3-none-any.whl", hash = "sha256:01d9bbc4a2d76bf0db7c1f729812ded6d912bd318d3b1cf81d30c0f845dbf3af"},
    {file = "dnspython-2.8.0.tar.gz", hash = "sha256:181d3c6996452cb1189c4046c61599b84a5a86e099562ffde77d26984ff26d0f"},
]

[[package]]
name = "email-validator"
version = "2.3.0"
summary = ""
dependencies = [
    "dnspython",
    "idna",
]
files = [
    {file = "email_validator-2.3.0-py3-none-any.whl", hash = "sha256:80f13f623413e6b197ae73bb10bf4eb0908faf509ad8362c5edeb0be7fd450b4"},
    {file = "email_validator-2.3.0.tar.gz", hash = "sha256:9fc05c37f2f6cf439ff414f8fc46d917929974a82244c20eb10231ba60c54426"},
]

[[package]]
name = "fastapi"
version = "0.121.0"
summary = ""
dependencies = [
    "annotated-doc",
    "pydantic",
    "starlette",
    "typing-extensions",
]
files = [
    {file = "fastapi-0.121.0-py3-none-any.whl", hash = "sha256:8bdf1b15a55f4e4b0d6201033da9109ea15632cb76cf156e7b8b4019f2172106"},
    {file = "fastapi-0.121.0.tar.gz", hash = "sha256:06663356a0b1ee93e875bbf05a31fb22314f5bed455afaaad2b2dad7f26e98fa"},
]

[[package]]
name = "h11"
version = "0.16.0"
summary = ""
files = [
    {file = "h11-0.16.0-py3-none-any.whl", hash = "sha256:63cf8bbe7522de3bf65932fda1d9c2772064ffb3dae62d55932da54b31cb6c86"},
    {file = "h11-0.16.0.tar.gz", hash = "sha256:4e35b956cf45792e4caa5885e69fba00bdbc6ffafbfa020300e549b208ee5ff1"},
]

[[package]]
name = "httptools"
version = "0.7.1"
summary = ""
files = [
    {file = "httptools-0.7.1-cp312-cp312-macosx_10_13_universal2.whl", hash = "sha256:38e0c83a2ea9746ebbd643bdfb521b9aa4a91703e2cd705c20443405d2fd16a5"},
    {file = "httptools-0.7.1-cp312-cp312-macosx_11_0_arm64.whl", hash = "sha256:f25bbaf1235e27704f1a7b86cd3304eabc04f569c828101d94a0e605ef7205a5"},
    {file = "httptools-0.7.1-cp312-cp312-manylinux1_x86_64.manylinux_2_28_x86_64.manylinux_2_5_x86_64.whl", hash = "sha256:2c15f37ef679ab9ecc06bfc4e6e8628c32a8e4b305459de7cf6785acd57e4d03"},
    {file = "httptools-0.7.1-cp312-cp312-manylinux2014_aarch64.manylinux_2_17_aarch64.manylinux_2_28_aarch64.whl", hash = "sha256:7fe6e96090df46b36ccfaf746f03034e5ab723162bc51b0a4cf58305324036f2"},
    {file = "httptools-0.7.1-cp312-cp312-musllinux_1_2_aarch64.whl", hash = "sha256:f72fdbae2dbc6e68b8239defb48e6a5937b12218e6ffc2c7846cc37befa84362"},
    {file = "httptools-0.7.1-cp312-cp312-musllinux_1_2_x86_64.whl", hash = "sha256:e99c7b90a29fd82fea9ef57943d501a16f3404d7b9ee81799d41639bdaae412c"},
    {file = "httptools-0.7.1-cp312-cp312-win_amd64.whl", hash = "sha256:3e14f530fefa7499334a79b0cf7e7cd2992870eb893526fb097d51b4f2d0f321"},
    {file = "httptools-0.7.1.tar.gz", hash = "sha256:abd72556974f8e7c74a259655924a717a2365b236c882c3f6f8a45fe94703ac9"},
]

[[package]]
name = "idna"
version = "3.11"
summary = ""
files = [
    {file = "idna-3.11-py3-none-any.whl", hash = "sha256:771a87f49d9defaf64091e6e6fe9c18d4833f140bd19464795bc32d966ca37ea"},
    {file = "idna-3.11.tar.gz", hash = "sha256:795dafcc9c04ed0c1fb032c2aa73654d8e8c5023a7df64a53f39190ada629902"},
]

[[package]]
name = "lazy-model"
version = "0.3.0"
summary = ""
dependencies = [
    "pydantic",
]
files = [
    {file = "lazy-model-0.3.0.tar.gz", hash = "sha256:e425a189897dc926cc79af196a7cb385d1fd3ac7a7bccb4436fc93661f63b811"},
    {file = "lazy_model-0.3.0-py3-none-any.whl", hash = "sha256:67c112cad3fbc1816d32c070bf3b3ac1f48aefeb4e46e9eb70e12acc92c6859d"},
]

[[package]]
name = "pydantic"
version = "2.12.4"
summary = ""
dependencies = [
    "annotated-types",
    "pydantic-core",
    "typing-extensions",
    "typing-inspection",
]
files = [
    {file = "pydantic-2.12.4-py3-none-any.whl", hash = "sha256:92d3d202a745d46f9be6df459ac5a064fdaa3c1c4cd8adcfa332ccf3c05f871e"},
    {file = "pydantic-2.12.4.tar.gz", hash = "sha256:0f8cb9555000a4b5b617f66bfd2566264c4984b27589d3b845685983e8ea85ac"},
]

[[package]]
name = "pydantic-core"
version = "2.41.5"
summary = ""
dependencies = [
    "typing-extensions",
]
files = [
    {file = "pydantic_core-2.41.5-cp312-cp312-macosx_10_12_x86_64.whl", hash = "sha256:f41a7489d32336dbf2199c8c0a215390a751c5b014c2c1c5366e817202e9cdf7"},
    {file = "pydantic_core-2.41.5-cp312-cp312-macosx_11_0_arm64.whl", hash = "sha256:070259a8818988b9a84a449a2a7337c7f430a22acc0859c6b110aa7212a6d9c0"},
    {file = "pydantic_core-2.41.5-cp312-cp312-manylinux_2_17_aarch64.manylinux2014_aarch64.whl", hash = "sha256:e96cea19e34778f8d59fe40775a7a574d95816eb150850a85a7a4c8f4b94ac69"},
    {file = "pydantic_core-2.41.5-cp312-cp312-manylinux_2_17_armv7l.manylinux2014_armv7l.whl", hash = "sha256:ed2e99c456e3fadd05c991f8f437ef902e00eedf34320ba2b0842bd1c3ca3a75"},
    {file = "pydantic_core-2.41.5-cp312-cp312-manylinux_2_17_ppc64le.manylinux2014_ppc64le.whl", hash = "sha256:65840751b72fbfd82c3c640cff9284545342a4f1eb1586ad0636955b261b0b05"},
    {file = "pydantic_core-2.41.5-cp312-cp312-manylinux_2_17_s390x.manylinux2014_s390x.whl", hash = "sha256:e536c98a7626a98feb2d3eaf75944ef6f3dbee447e1f841eae16f2f0a72d8ddc"},
    {file = "pydantic_core-2.41.5-cp312-cp312-manylinux_2_17_x86_64.manylinux2014_x86_64.whl", hash = "sha256:eceb81a8d74f9267ef4081e246ffd6d129da5d87e37a77c9bde550cb04870c1c"},
    {file = "pydantic_core-2.41.5-cp312-cp312-manylinux_2_5_i686.manylinux1_i686.whl", hash = "sha256:d38548150c39b74aeeb0ce8ee1d8e82696f4a4e16ddc6de7b1d8823f7de4b9b5"},
    {file = "pydantic_core-2.41.5-cp312-cp312-musllinux_1_1_aarch64.whl", hash = "sha256:c23e27686783f60290e36827f9c626e63154b82b116d7fe9adba1fda36da706c"},
    {file = "pydantic_core-2.41.5-cp312-cp312-musllinux_1_1_armv7l.whl", hash = "sha256:482c982f814460eabe1d3bb0adfdc583387bd4691ef00b90575ca0d2b6fe2294"},
    {file = "pydantic_core-2.41.5-cp312-cp312-musllinux_1_1_x86_64.whl", hash = "sha256:bfea2a5f0b4d8d43adf9d7b8bf019fb46fdd10a2e5cde477fbcb9d1fa08c68e1"},
    {file = "pydantic_core-2.41.5-cp312-cp312-win32.whl", hash = "sha256:b74557b16e390ec12dca509bce9264c3bbd128f8a2c376eaa68003d7f327276d"},
    {file = "pydantic_core-2.41.5-cp312-cp312-win_amd64.whl", hash = "sha256:1962293292865bca8e54702b08a4f26da73adc83dd1fcf26fbc875b35d81c815"},
    {file = "pydantic_core-2.41.5-cp312-cp312-win_arm64.whl", hash = "sha256:1746d4a3d9a794cacae06a5eaaccb4b8643a131d45fbc9af23e353dc0a5ba5c3"},
    {file = "pydantic_core-2.41.5-graalpy312-graalpy250_312_native-macosx_10_12_x86_64.whl", hash = "sha256:7da7087d756b19037bc2c06edc6c170eeef3c3bafcb8f532ff17d64dc427adfd"},
    {file = "pydantic_core-2.41.5-graalpy312-graalpy250_312_native-macosx_11_0_arm64.whl", hash = "sha256:aabf5777b5c8ca26f7824cb4a120a740c9588ed58df9b2d196ce92fba42ff8dc"},
    {file = "pydantic_core-2.41.5-graalpy312-graalpy250_312_native-manylinux_2_17_aarch64.manylinux2014_aarch64.whl", hash = "sha256:c007fe8a43d43b3969e8469004e9845944f1a80e6acd47c150856bb87f230c56"},
    {file = "pydantic_core-2.41.5-graalpy312-graalpy250_312_native-manylinux_2_17_x86_64.manylinux2014_x86_64.whl", hash = "sha256:76d0819de158cd855d1cbb8fcafdf6f5cf1eb8e470abe056d5d161106e38062b"},
    {file = "pydantic_core-2.41.5.tar.gz", hash = "sha256:08daa51ea16ad373ffd5e7606252cc32f07bc72b28284b6bc9c6df804816476e"},
]

[[package]]
name = "pydantic"
version = "2.12.4"
extras = ["email"]
summary = ""
dependencies = [
    "email-validator",
    "pydantic==2.12.4",
]
files = [
    {file = "pydantic-2.12.4-py3-none-any.whl", hash = "sha256:92d3d202a745d46f9be6df459ac5a064fdaa3c1c4cd8adcfa332ccf3c05f871e"},
    {file = "pydantic-2.12.4.tar.gz", hash = "sha256:0f8cb9555000a4b5b617f66bfd2566264c4984b27589d3b845685983e8ea85ac"},
]

[[package]]
name = "pymongo"
version = "4.15.3"
summary = ""
dependencies = [
    "dnspython",
]
files = [
    {file = "pymongo-4.15.3-cp312-cp312-macosx_10_13_x86_64.whl", hash = "sha256:bd0497c564b0ae34fb816464ffc09986dd9ca29e2772a0f7af989e472fecc2ad"},
    {file = "pymongo-4.15.3-cp312-cp312-macosx_11_0_arm64.whl", hash = "sha256:292fd5a3f045751a823a54cdea75809b2216a62cc5f74a1a96b337db613d46a8"},
    {file = "pymongo-4.15.3-cp312-cp312-manylinux1_i686.manylinux_2_28_i686.manylinux_2_5_i686.whl", hash = "sha256:959ef69c5e687b6b749fbf2140c7062abdb4804df013ae0507caabf30cba6875"},
    {file = "pymongo-4.15.3-cp312-cp312-manylinux2014_aarch64.manylinux_2_17_aarch64.manylinux_2_28_aarch64.whl", hash = "sha256:de3bc878c3be54ae41c2cabc9e9407549ed4fec41f4e279c04e840dddd7c630c"},
    {file = "pymongo-4.15.3-cp312-cp312-manylinux2014_ppc64le.manylinux_2_17_ppc64le.manylinux_2_28_ppc64le.whl", hash = "sha256:07bcc36d11252f24fe671e7e64044d39a13d997b0502c6401161f28cc144f584"},
    {file = "pymongo-4.15.3-cp312-cp312-manylinux2014_s390x.manylinux_2_17_s390x.manylinux_2_28_s390x.whl", hash = "sha256:b63bac343b79bd209e830aac1f5d9d552ff415f23a924d3e51abbe3041265436"},
    {file = "pymongo-4.15.3-cp312-cp312-manylinux2014_x86_64.manylinux_2_17_x86_64.manylinux_2_28_x86_64.whl", hash = "sha256:b33d59bf6fa1ca1d7d96d4fccff51e41312358194190d53ef70a84c070f5287e"},
    {file = "pymongo-4.15.3-cp312-cp312-win32.whl", hash = "sha256:b3a0ec660d61efb91c16a5962ec937011fe3572c4338216831f102e53d294e5c"},
    {file = "pymongo-4.15.3-cp312-cp312-win_amd64.whl", hash = "sha256:f6b0513e5765fdde39f36e6a29a36c67071122b5efa748940ae51075beb5e4bc"},
    {file = "pymongo-4.15.3-cp312-cp312-win_arm64.whl", hash = "sha256:c4fdd8e6eab8ff77c1c8041792b5f760d48508623cd10b50d5639e73f1eec049"},
    {file = "pymongo-4.15.3.tar.gz", hash = "sha256:7a981271347623b5319932796690c2d301668ac3a1965974ac9f5c3b8a22cea5"},
]

[[package]]
name = "python-dotenv"
version = "1.2.1"
summary = ""
files = [
    {file = "python_dotenv-1.2.1-py3-none-any.whl", hash = "sha256:b81ee9561e9ca4004139c6cbba3a238c32b03e4894671e181b671e8cb8425d61"},
    {file = "python_dotenv-1.2.1.tar.gz", hash = "sha256:42667e897e16ab0d66954af0e60a9caa94f0fd4ecf3aaf6d2d260eec1aa36ad6"},
]

[[package]]
name = "pyyaml"
version = "6.0.3"
summary = ""
files = [
    {file = "pyyaml-6.0.3-cp312-cp312-macosx_10_13_x86_64.whl", hash = "sha256:7f047e29dcae44602496db43be01ad42fc6f1cc0d8cd6c83d342306c32270196"},
    {file = "pyyaml-6.0.3-cp312-cp312-macosx_11_0_arm64.whl", hash = "sha256:fc09d0aa354569bc501d4e787133afc08552722d3ab34836a80547331bb5d4a0"},
    {file = "pyyaml-6.0.3-cp312-cp312-manylinux2014_aarch64.manylinux_2_17_aarch64.manylinux_2_28_aarch64.whl", hash = "sha256:9149cad251584d5fb4981be1ecde53a1ca46c891a79788c0df828d2f166bda28"},
    {file = "pyyaml-6.0.3-cp312-cp312-manylinux2014_s390x.manylinux_2_17_s390x.manylinux_2_28_s390x.whl", hash = "sha256:5fdec68f91a0c6739b380c83b951e2c72ac0197ace422360e6d5a959d8d97b2c"},
    {file = "pyyaml-6.0.3-cp312-cp312-manylinux2014_x86_64.manylinux_2_17_x86_64.manylinux_2_28_x86_64.whl", hash = "sha256:ba1cc08a7ccde2d2ec775841541641e4548226580ab850948cbfda66a1befcdc"},
    {file = "pyyaml-6.0.3-cp312-cp312-musllinux_1_2_aarch64.whl", hash = "sha256:8dc52c23056b9ddd46818a57b78404882310fb473d63f17b07d5c40421e47f8e"},
    {file = "pyyaml-6.0.3-cp312-cp312-musllinux_1_2_x86_64.whl", hash = "sha256:41715c910c881bc081f1e8872880d3c650acf13dfa8214bad49ed4cede7c34ea"},
    {file = "pyyaml-6.0.3-cp312-cp312-win32.whl", hash = "sha256:96b533f0e99f6579b3d4d4995707cf36df9100d67e0c8303a0c55b27b5f99bc5"},
    {file = "pyyaml-6.0.3-cp312-cp312-win_amd64.whl", hash = "sha256:5fcd34e47f6e0b794d17de1b4ff496c00986e1c83f7ab2fb8fcfe9616ff7477b"},
    {file = "pyyaml-6.0.3-cp312-cp312-win_arm64.whl", hash = "sha256:64386e5e707d03a7e172c0701abfb7e10f0fb753ee1d773128192742712a98fd"},
    {file = "pyyaml-6.0.3.tar.gz", hash = "sha256:d76623373421df22fb4cf8817020cbb7ef15c725b9d5e45f17e189bfc384190f"},
]

[[package]]
name = "sniffio"
version = "1.3.1"
summary = ""
files = [
    {file = "sniffio-1.3.1-py3-none-any.whl", hash = "sha256:2f6da418d1f1e0fddd844478f41680e794e6051915791a034ff65e5f100525a2"},
    {file = "sniffio-1.3.1.tar.gz", hash = "sha256:f4324edc670a0f49750a81b895f35c3adb843cca46f0530f79fc1babb23789dc"},
]

[[package]]
name = "starlette"
version = "0.49.3"
summary = ""
dependencies = [
    "anyio",
    "typing-extensions",
]
files = [
    {file = "starlette-0.49.3-py3-none-any.whl", hash = "sha256:b579b99715fdc2980cf88c8ec96d3bf1ce16f5a8051a7c2b84ef9b1cdecaea2f"},
    {file = "starlette-0.49.3.tar.gz", hash = "sha256:1c14546f299b5901a1ea0e34410575bc33bbd741377a10484a54445588d00284"},
]

[[package]]
name = "typing-extensions"
version = "4.15.0"
summary = ""
files = [
    {file = "typing_extensions-4.15.0-py3-none-any.whl", hash = "sha256:f0fa19c6845758ab08074a0cfa8b7aecb71c999ca73d62883bc25cc018c4e548"},
    {file = "typing_extensions-4.15.0.tar.gz", hash = "sha256:0cea48d173cc12fa28ecabc3b837ea3cf6f38c6d1136f85cbaaf598984861466"},
]

[[package]]
name = "typing-inspection"
version = "0.4.2"
summary = ""
dependencies = [
    "typing-extensions",
]
files = [
    {file = "typing_inspection-0.4.2-py3-none-any.whl", hash = "sha256:4ed1cacbdc298c220f1bd249ed5287caa16f34d44ef4e9c3d0cbad5b521545e7"},
    {file = "typing_inspection-0.4.2.tar.gz", hash = "sha256:ba561c48a67c5958007083d386c3295464928b01faa735ab8547c5692e87f464"},
]

[[package]]
name = "uvicorn"
version = "0.38.0"
summary = ""
dependencies = [
    "click",
    "h11",
]
files = [
    {file = "uvicorn-0.38.0-py3-none-any.whl", hash = "sha256:48c0afd214ceb59340075b4a052ea1ee91c16fbc2a9b1469cca0e54566977b02"},
    {file = "uvicorn-0.38.0.tar.gz", hash = "sha256:fd97093bdd120a2609fc0d3afe931d4d4ad688b6e75f0f929fde1bc36fe0e91d"},
]

[[package]]
name = "uvicorn"
version = "0.38.0"
extras = ["standard"]
summary = ""
dependencies = [
    "colorama; sys_platform == \"win32\"",
    "httptools",
    "python-dotenv",
    "pyyaml",
    "uvicorn==0.38.0",
    "uvloop; platform_python_implementation != \"PyPy\" and (sys_platform != \"cygwin\" and sys_platform != \"win32\")",
    "watchfiles",
    "websockets",
]
files = [
    {file = "uvicorn-0.38.0-py3-none-any.whl", hash = "sha256:48c0afd214ceb59340075b4a052ea1ee91c16fbc2a9b1469cca0e54566977b02"},
    {file = "uvicorn-0.38.0.tar.gz", hash = "sha256:fd97093bdd120a2609fc0d3afe931d4d4ad688b6e75f0f929fde1bc36fe0e91d"},
]

[[package]]
name = "uvloop"
version = "0.22.1"
summary = ""
files = [
    {file = "uvloop-0.22.1-cp312-cp312-macosx_10_13_universal2.whl", hash = "sha256:fe94b4564e865d968414598eea1a6de60adba0c040ba4ed05ac1300de402cd42"},
    {file = "uvloop-0.22.1-cp312-cp312-macosx_10_13_x86_64.whl", hash = "sha256:51eb9bd88391483410daad430813d982010f9c9c89512321f5b60e2cddbdddd6"},
    {file = "uvloop-0.22.1-cp312-cp312-manylinux2014_aarch64.manylinux_2_17_aarch64.manylinux_2_28_aarch64.whl", hash = "sha256:700e674a166ca5778255e0e1dc4e9d79ab2acc57b9171b79e65feba7184b3370"},
    {file = "uvloop-0.22.1-cp312-cp312-manylinux2014_x86_64.manylinux_2_17_x86_64.manylinux_2_28_x86_64.whl", hash = "sha256:7b5b1ac819a3f946d3b2ee07f09149578ae76066d70b44df3fa990add49a82e4"},
    {file = "uvloop-0.22.1-cp312-cp312-musllinux_1_2_aarch64.whl", hash = "sha256:e047cc068570bac9866237739607d1313b9253c3051ad84738cbb095be0537b2"},
    {file = "uvloop-0.22.1-cp312-cp312-musllinux_1_2_x86_64.whl", hash = "sha256:512fec6815e2dd45161054592441ef76c830eddaad55c8aa30952e6fe1ed07c0"},
    {file = "uvloop-0.22.1.tar.gz", hash = "sha256:6c84bae345b9147082b17371e3dd5d42775bddce91f885499017f4607fdaf39f"},
]

[[package]]
name = "watchfiles"
version = "1.1.1"
summary = ""
dependencies = [
    "anyio",
]
files = [
    {file = "watchfiles-1.1.1-cp312-cp312-macosx_10_12_x86_64.whl", hash = "sha256:8c89f9f2f740a6b7dcc753140dd5e1ab9215966f7a3530d0c0705c83b401bd7d"},
    {file = "watchfiles-1.1.1-cp312-cp312-macosx_11_0_arm64.whl", hash = "sha256:bd404be08018c37350f0d6e34676bd1e2889990117a2b90070b3007f172d0610"},
    {file = "watchfiles-1.1.1-cp312-cp312-manylinux_2_17_aarch64.manylinux2014_aarch64.whl", hash = "sha256:8526e8f916bb5b9a0a777c8317c23ce65de259422bba5b31325a6fa6029d33af"},
    {file = "watchfiles-1.1.1-cp312-cp312-manylinux_2_17_armv7l.manylinux2014_armv7l.whl", hash = "sha256:2edc3553362b1c38d9f06242416a5d8e9fe235c204a4072e988ce2e5bb1f69f6"},
    {file = "watchfiles-1.1.1-cp312-cp312-manylinux_2_17_i686.manylinux2014_i686.whl", hash = "sha256:30f7da3fb3f2844259cba4720c3fc7138eb0f7b659c38f3bfa65084c7fc7abce"},
    {file = "watchfiles-1.1.1-cp312-cp312-manylinux_2_17_ppc64le.manylinux2014_ppc64le.whl", hash = "sha256:f8979280bdafff686ba5e4d8f97840f929a87ed9cdf133cbbd42f7766774d2aa"},
    {file = "watchfiles-1.1.1-cp312-cp312-manylinux_2_17_s390x.manylinux2014_s390x.whl", hash = "sha256:dcc5c24523771db3a294c77d94771abcfcb82a0e0ee8efd910c37c59ec1b31bb"},
    {file = "watchfiles-1.1.1-cp312-cp312-manylinux_2_17_x86_64.manylinux2014_x86_64.whl", hash = "sha256:1db5d7ae38ff20153d542460752ff397fcf5c96090c1230803713cf3147a6803"},
    {file = "watchfiles-1.1.1-cp312-cp312-musllinux_1_1_aarch64.whl", hash = "sha256:28475ddbde92df1874b6c5c8aaeb24ad5be47a11f87cde5a28ef3835932e3e94"},
    {file = "watchfiles-1.1.1-cp312-cp312-musllinux_1_1_x86_64.whl", hash = "sha256:36193ed342f5b9842edd3532729a2ad55c4160ffcfa3700e0d54be496b70dd43"},
    {file = "watchfiles-1.1.1-cp312-cp312-win32.whl", hash = "sha256:859e43a1951717cc8de7f4c77674a6d389b106361585951d9e69572823f311d9"},
    {file = "watchfiles-1.1.1-cp312-cp312-win_amd64.whl", hash = "sha256:91d4c9a823a8c987cce8fa2690923b069966dabb196dd8d137ea2cede885fde9"},
    {file = "watchfiles-1.1.1-cp312-cp312-win_arm64.whl", hash = "sha256:a625815d4a2bdca61953dbba5a39d60164451ef34c88d751f6c368c3ea73d404"},
    {file = "watchfiles-1.1.1.tar.gz", hash = "sha256:a173cb5c16c4f40ab19cecf48a534c409f7ea983ab8fed0741304a1c0a31b3f2"},
]

[[package]]
name = "websockets"
version = "15.0.1"
summary = ""
files = [
    {file = "websockets-15.0.1-cp312-cp312-macosx_10_13_universal2.whl", hash = "sha256:3e90baa811a5d73f3ca0bcbf32064d663ed81318ab225ee4f427ad4e26e5aff3"},
    {file = "websockets-15.0.1-cp312-cp312-macosx_10_13_x86_64.whl", hash = "sha256:592f1a9fe869c778694f0aa806ba0374e97648ab57936f092fd9d87f8bc03665"},
    {file = "websockets-15.0.1-cp312-cp312-macosx_11_0_arm64.whl", hash = "sha256:0701bc3cfcb9164d04a14b149fd74be7347a530ad3bbf15ab2c678a2cd3dd9a2"},
    {file = "websockets-15.0.1-cp312-cp312-manylinux_2_17_aarch64.manylinux2014_aarch64.whl", hash = "sha256:e8b56bdcdb4505c8078cb6c7157d9811a85790f2f2b3632c7d1462ab5783d215"},
    {file = "websockets-15.0.1-cp312-cp312-manylinux_2_5_i686.manylinux1_i686.manylinux_2_17_i686.manylinux2014_i686.whl", hash = "sha256:0af68c55afbd5f07986df82831c7bff04846928ea8d1fd7f30052638788bc9b5"},
    {file = "websockets-15.0.1-cp312-cp312-manylinux_2_5_x86_64.manylinux1_x86_64.manylinux_2_17_x86_64.manylinux2014_x86_64.whl", hash = "sha256:64dee438fed052b52e4f98f76c5790513235efaa1ef7f3f2192c392cd7c91b65"},
    {file = "websockets-15.0.1-cp312-cp312-musllinux_1_2_aarch64.whl", hash = "sha256:d5f6b181bb38171a8ad1d6aa58a67a6aa9d4b38d0f8c5f496b9e42561dfc62fe"},
    {file = "websockets-15.0.1-cp312-cp312-musllinux_1_2_i686.whl", hash = "sha256:5d54b09eba2bada6011aea5375542a157637b91029687eb4fdb2dab11059c1b4"},
    {file = "websockets-15.0.1-cp312-cp312-musllinux_1_2_x86_64.whl", hash = "sha256:3be571a8b5afed347da347bfcf27ba12b069d9d7f42cb8c7028b5e98bbb12597"},
    {file = "websockets-15.0.1-cp312-cp312-win32.whl", hash = "sha256:c338ffa0520bdb12fbc527265235639fb76e7bc7faafbb93f6ba80d9c06578a9"},
    {file = "websockets-15.0.1-cp312-cp312-win_amd64.whl", hash = "sha256:fcd5cf9e305d7b8338754470cf69cf81f420459dbae8a3b40cee57417f4614a7"},
    {file = "websockets-15.0.1-py3-none-any.whl", hash = "sha256:f7a866fbc1e97b5c617ee4116daaa09b722101d4a3c170c787450ba409f9736f"},
    {file = "websockets-15.0.1.tar.gz", hash = "sha256:82544de02076bafba038ce055ee6412d68da13ab47f0c60cab827346de828dee"},
]
